<?xml version="1.0" encoding="utf-8"?>
<Project ToolsVersion="4.0" xmlns="http://schemas.microsoft.com/developer/msbuild/2003">
  <ItemGroup>
    <Filter Include="Исходные файлы">
      <UniqueIdentifier>{4FC737F1-C7A5-4376-A066-2A32D752A2FF}</UniqueIdentifier>
      <Extensions>cpp;c;cc;cxx;def;odl;idl;hpj;bat;asm;asmx</Extensions>
    </Filter>
    <Filter Include="Файлы заголовков">
      <UniqueIdentifier>{93995380-89BD-4b04-88EB-625FBE52EBFB}</UniqueIdentifier>
      <Extensions>h;hh;hpp;hxx;hm;inl;inc;ipp;xsd</Extensions>
    </Filter>
    <Filter Include="Файлы ресурсов">
      <UniqueIdentifier>{67DA6AB6-F800-4c08-8B7A-83BB121AAD01}</UniqueIdentifier>
      <Extensions>rc;ico;cur;bmp;dlg;rc2;rct;bin;rgs;gif;jpg;jpeg;jpe;resx;tiff;tif;png;wav;mfcribbon-ms</Extensions>
    </Filter>
  </ItemGroup>
  <ItemGroup>
    <ClCompile Include="7\seven_one.cpp">
      <Filter>Исходные файлы</Filter>
    </ClCompile>
    <ClCompile Include="7\seven_two.cpp">
      <Filter>Исходные файлы</Filter>
    </ClCompile>
    <ClCompile Include="7\seven_three.cpp">
      <Filter>Исходные файлы</Filter>
    </ClCompile>
    <ClCompile Include="7\seven_four.cpp">
      <Filter>Исходные файлы</Filter>
    </ClCompile>
    <ClCompile Include="7\seven_five.cpp">
      <Filter>Исходные файлы</Filter>
    </ClCompile>
    <ClCompile Include="7\seven_six.cpp">
      <Filter>Исходные файлы</Filter>
    </ClCompile>
    <ClCompile Include="7\seven_seven.cpp">
      <Filter>Исходные файлы</Filter>
    </ClCompile>
    <ClCompile Include="7\seven_eight.cpp">
      <Filter>Исходные файлы</Filter>
    </ClCompile>
    <ClCompile Include="7\seven_nine.cpp">
      <Filter>Исходные файлы</Filter>
    </ClCompile>
    <ClCompile Include="7\seven_ten.cpp">
      <Filter>Исходные файлы</Filter>
    </ClCompile>
    <ClCompile Include="8\8_2.cpp">
      <Filter>Исходные файлы</Filter>
    </ClCompile>
    <ClCompile Include="8\8_1.cpp">
      <Filter>Исходные файлы</Filter>
    </ClCompile>
    <ClCompile Include="8\8_3.cpp">
      <Filter>Исходные файлы</Filter>
    </ClCompile>
    <ClCompile Include="8\8_4.cpp">
      <Filter>Исходные файлы</Filter>
    </ClCompile>
    <ClCompile Include="8\8_5.cpp">
      <Filter>Исходные файлы</Filter>
    </ClCompile>
    <ClCompile Include="8\8_6.cpp">
      <Filter>Исходные файлы</Filter>
    </ClCompile>
    <ClCompile Include="8\8_7.cpp">
      <Filter>Исходные файлы</Filter>
    </ClCompile>
    <ClCompile Include="8\8_8.cpp">
      <Filter>Исходные файлы</Filter>
    </ClCompile>
    <ClCompile Include="8\8_10.cpp">
      <Filter>Исходные файлы</Filter>
    </ClCompile>
    <ClCompile Include="9\9_1.cpp">
      <Filter>Исходные файлы</Filter>
    </ClCompile>
    <ClCompile Include="9\9_2.cpp">
      <Filter>Исходные файлы</Filter>
    </ClCompile>
    <ClCompile Include="9\9_3.cpp">
      <Filter>Исходные файлы</Filter>
    </ClCompile>
    <ClCompile Include="9\9_4.cpp">
      <Filter>Исходные файлы</Filter>
    </ClCompile>
    <ClCompile Include="9\9_5.cpp">
      <Filter>Исходные файлы</Filter>
    </ClCompile>
    <ClCompile Include="9\9_6.cpp">
      <Filter>Исходные файлы</Filter>
    </ClCompile>
    <ClCompile Include="9\9_7.cpp">
      <Filter>Исходные файлы</Filter>
    </ClCompile>
    <ClCompile Include="9\9_8.cpp">
      <Filter>Исходные файлы</Filter>
    </ClCompile>
    <ClCompile Include="9\9_9.cpp">
      <Filter>Исходные файлы</Filter>
    </ClCompile>
    <ClCompile Include="9\9_10.cpp">
      <Filter>Исходные файлы</Filter>
    </ClCompile>
    <ClCompile Include="10\10_1.cpp">
      <Filter>Исходные файлы</Filter>
    </ClCompile>
    <ClCompile Include="10\10_2.cpp">
      <Filter>Исходные файлы</Filter>
    </ClCompile>
    <ClCompile Include="10\10_3.cpp">
      <Filter>Исходные файлы</Filter>
    </ClCompile>
    <ClCompile Include="10\10_4.cpp">
      <Filter>Исходные файлы</Filter>
    </ClCompile>
    <ClCompile Include="10\10_5.cpp">
      <Filter>Исходные файлы</Filter>
    </ClCompile>
    <ClCompile Include="10\10_6.cpp">
      <Filter>Исходные файлы</Filter>
    </ClCompile>
    <ClCompile Include="10\10_7.cpp">
      <Filter>Исходные файлы</Filter>
    </ClCompile>
    <ClCompile Include="10\10_8.cpp">
      <Filter>Исходные файлы</Filter>
    </ClCompile>
    <ClCompile Include="10\10_9.cpp">
      <Filter>Исходные файлы</Filter>
    </ClCompile>
    <ClCompile Include="10\10_10.cpp">
      <Filter>Исходные файлы</Filter>
    </ClCompile>
    <ClCompile Include="8\8_9.cpp">
      <Filter>Исходные файлы</Filter>
    </ClCompile>
    <ClCompile Include="11\11_1.cpp">
      <Filter>Исходные файлы</Filter>
    </ClCompile>
    <ClCompile Include="11\11_2.cpp">
      <Filter>Исходные файлы</Filter>
    </ClCompile>
    <ClCompile Include="11\11_4.cpp">
      <Filter>Исходные файлы</Filter>
    </ClCompile>
    <ClCompile Include="11\11_3.cpp">
      <Filter>Исходные файлы</Filter>
    </ClCompile>
    <ClCompile Include="11\11_5.cpp">
      <Filter>Исходные файлы</Filter>
    </ClCompile>
    <ClCompile Include="11\11_6.cpp">
      <Filter>Исходные файлы</Filter>
    </ClCompile>
    <ClCompile Include="11\11_7.cpp">
      <Filter>Исходные файлы</Filter>
    </ClCompile>
    <ClCompile Include="11\11_8.cpp">
      <Filter>Исходные файлы</Filter>
    </ClCompile>
    <ClCompile Include="11\11_9.cpp">
      <Filter>Исходные файлы</Filter>
    </ClCompile>
    <ClCompile Include="11\11_10.cpp">
      <Filter>Исходные файлы</Filter>
    </ClCompile>
    <ClCompile Include="12\12_1.cpp">
      <Filter>Исходные файлы</Filter>
    </ClCompile>
    <ClCompile Include="12\12_2.cpp">
      <Filter>Исходные файлы</Filter>
    </ClCompile>
    <ClCompile Include="12\12_3.cpp">
      <Filter>Исходные файлы</Filter>
    </ClCompile>
    <ClCompile Include="12\12_4.cpp">
      <Filter>Исходные файлы</Filter>
    </ClCompile>
    <ClCompile Include="12\12_5.cpp">
      <Filter>Исходные файлы</Filter>
    </ClCompile>
    <ClCompile Include="12\12_6.cpp">
      <Filter>Исходные файлы</Filter>
    </ClCompile>
    <ClCompile Include="12\12_7.cpp">
      <Filter>Исходные файлы</Filter>
    </ClCompile>
    <ClCompile Include="12\12_8.cpp">
      <Filter>Исходные файлы</Filter>
    </ClCompile>
    <ClCompile Include="12\12_10.cpp">
      <Filter>Исходные файлы</Filter>
    </ClCompile>
    <ClCompile Include="14\14_1.cpp">
      <Filter>Исходные файлы</Filter>
    </ClCompile>
    <ClCompile Include="14\14_2.cpp">
      <Filter>Исходные файлы</Filter>
    </ClCompile>
    <ClCompile Include="14\14_3.cpp">
      <Filter>Исходные файлы</Filter>
    </ClCompile>
    <ClCompile Include="14\14_4.cpp">
      <Filter>Исходные файлы</Filter>
    </ClCompile>
    <ClCompile Include="14\14_5.cpp">
      <Filter>Исходные файлы</Filter>
    </ClCompile>
    <ClCompile Include="14\14_6.cpp">
      <Filter>Исходные файлы</Filter>
    </ClCompile>
    <ClCompile Include="14\14_7.cpp">
      <Filter>Исходные файлы</Filter>
    </ClCompile>
    <ClCompile Include="14\14_8.cpp">
      <Filter>Исходные файлы</Filter>
    </ClCompile>
    <ClCompile Include="14\14_9.cpp">
      <Filter>Исходные файлы</Filter>
    </ClCompile>
    <ClCompile Include="14\14_10.cpp">
      <Filter>Исходные файлы</Filter>
    </ClCompile>
  </ItemGroup>
  <ItemGroup>
    <ClInclude Include="7\seven_two.h">
      <Filter>Файлы заголовков</Filter>
    </ClInclude>
    <ClInclude Include="7\seven_three.h">
      <Filter>Файлы заголовков</Filter>
    </ClInclude>
    <ClInclude Include="7\seven_five.h">
      <Filter>Файлы заголовков</Filter>
    </ClInclude>
    <ClInclude Include="7\seven_seven.h">
      <Filter>Файлы заголовков</Filter>
    </ClInclude>
    <ClInclude Include="7\seven_eight.h">
      <Filter>Файлы заголовков</Filter>
    </ClInclude>
    <ClInclude Include="7\seven_nine.h">
      <Filter>Файлы заголовков</Filter>
    </ClInclude>
    <ClInclude Include="7\seven_ten.h">
      <Filter>Файлы заголовков</Filter>
    </ClInclude>
    <ClInclude Include="stdafx.h">
      <Filter>Файлы заголовков</Filter>
    </ClInclude>
    <ClInclude Include="8\8_1.h">
      <Filter>Файлы заголовков</Filter>
    </ClInclude>
    <ClInclude Include="8\8_3.h">
      <Filter>Файлы заголовков</Filter>
    </ClInclude>
    <ClInclude Include="8\8_4.h">
      <Filter>Файлы заголовков</Filter>
    </ClInclude>
    <ClInclude Include="8\8_5.h">
      <Filter>Файлы заголовков</Filter>
    </ClInclude>
    <ClInclude Include="8\8_6.h">
      <Filter>Файлы заголовков</Filter>
    </ClInclude>
    <ClInclude Include="8\8_7.h">
      <Filter>Файлы заголовков</Filter>
    </ClInclude>
    <ClInclude Include="8\8_8.h">
      <Filter>Файлы заголовков</Filter>
    </ClInclude>
    <ClInclude Include="8\8_10.h">
      <Filter>Файлы заголовков</Filter>
    </ClInclude>
    <ClInclude Include="9\9_1.h">
      <Filter>Файлы заголовков</Filter>
    </ClInclude>
    <ClInclude Include="9\9_2.h">
      <Filter>Файлы заголовков</Filter>
    </ClInclude>
    <ClInclude Include="8\8_2.h">
      <Filter>Файлы заголовков</Filter>
    </ClInclude>
    <ClInclude Include="9\9_3.h">
      <Filter>Файлы заголовков</Filter>
    </ClInclude>
    <ClInclude Include="9\9_4.h">
      <Filter>Файлы заголовков</Filter>
    </ClInclude>
    <ClInclude Include="9\9_5.h">
      <Filter>Файлы заголовков</Filter>
    </ClInclude>
    <ClInclude Include="9\9_6.h">
      <Filter>Файлы заголовков</Filter>
    </ClInclude>
    <ClInclude Include="9\9_7.h">
      <Filter>Файлы заголовков</Filter>
    </ClInclude>
    <ClInclude Include="9\9_8.h">
      <Filter>Файлы заголовков</Filter>
    </ClInclude>
    <ClInclude Include="9\9_9.h">
      <Filter>Файлы заголовков</Filter>
    </ClInclude>
    <ClInclude Include="9\9_10.h">
      <Filter>Файлы заголовков</Filter>
    </ClInclude>
    <ClInclude Include="10\10_1.h">
      <Filter>Файлы заголовков</Filter>
    </ClInclude>
    <ClInclude Include="10\10_2.h">
      <Filter>Файлы заголовков</Filter>
    </ClInclude>
    <ClInclude Include="10\10_3.h">
      <Filter>Файлы заголовков</Filter>
    </ClInclude>
    <ClInclude Include="10\10_4.h">
      <Filter>Файлы заголовков</Filter>
    </ClInclude>
    <ClInclude Include="10\10_5.h">
      <Filter>Файлы заголовков</Filter>
    </ClInclude>
    <ClInclude Include="10\10_6.h">
      <Filter>Файлы заголовков</Filter>
    </ClInclude>
    <ClInclude Include="10\10_7.h">
      <Filter>Файлы заголовков</Filter>
    </ClInclude>
    <ClInclude Include="10\10_8.h">
      <Filter>Файлы заголовков</Filter>
    </ClInclude>
    <ClInclude Include="10\10_9.h">
      <Filter>Файлы заголовков</Filter>
    </ClInclude>
    <ClInclude Include="10\10_10.h">
      <Filter>Файлы заголовков</Filter>
    </ClInclude>
    <ClInclude Include="8\8_9.h">
      <Filter>Файлы заголовков</Filter>
    </ClInclude>
    <ClInclude Include="11\11_1.h">
      <Filter>Файлы заголовков</Filter>
    </ClInclude>
    <ClInclude Include="11\11_2.h">
      <Filter>Файлы заголовков</Filter>
    </ClInclude>
    <ClInclude Include="11\11_3.h">
      <Filter>Файлы заголовков</Filter>
    </ClInclude>
    <ClInclude Include="11\11_4.h">
      <Filter>Файлы заголовков</Filter>
    </ClInclude>
    <ClInclude Include="11\11_5.h">
      <Filter>Файлы заголовков</Filter>
    </ClInclude>
    <ClInclude Include="11\11_6.h">
      <Filter>Файлы заголовков</Filter>
    </ClInclude>
    <ClInclude Include="11\11_7.h">
      <Filter>Файлы заголовков</Filter>
    </ClInclude>
    <ClInclude Include="11\11_8.h">
      <Filter>Файлы заголовков</Filter>
    </ClInclude>
    <ClInclude Include="11\11_9.h">
      <Filter>Файлы заголовков</Filter>
    </ClInclude>
    <ClInclude Include="11\11_10.h">
      <Filter>Файлы заголовков</Filter>
    </ClInclude>
    <ClInclude Include="12\pre12.h">
      <Filter>Файлы заголовков</Filter>
    </ClInclude>
    <ClInclude Include="12\12_10.h">
      <Filter>Файлы заголовков</Filter>
    </ClInclude>
    <ClInclude Include="14\14_1.h">
      <Filter>Файлы заголовков</Filter>
    </ClInclude>
    <ClInclude Include="14\14_2.h">
      <Filter>Файлы заголовков</Filter>
    </ClInclude>
    <ClInclude Include="14\14_3.h">
      <Filter>Файлы заголовков</Filter>
    </ClInclude>
    <ClInclude Include="14\14_4.h">
      <Filter>Файлы заголовков</Filter>
    </ClInclude>
    <ClInclude Include="14\14_5.h">
      <Filter>Файлы заголовков</Filter>
    </ClInclude>
    <ClInclude Include="14\14_6.h">
      <Filter>Файлы заголовков</Filter>
    </ClInclude>
    <ClInclude Include="14\14_7.h">
      <Filter>Файлы заголовков</Filter>
    </ClInclude>
    <ClInclude Include="14\14_8.h">
      <Filter>Файлы заголовков</Filter>
    </ClInclude>
    <ClInclude Include="14\14_9.h">
      <Filter>Файлы заголовков</Filter>
    </ClInclude>
    <ClInclude Include="14\14_10.h">
      <Filter>Файлы заголовков</Filter>
    </ClInclude>
  </ItemGroup>
  <ItemGroup>
    <Text Include="7\tasks7.txt" />
    <Text Include="7\old code.txt" />
    <Text Include="10\tasks 10.txt" />
    <Text Include="11\tasks 11.txt" />
    <Text Include="14\14.txt" />
    <Text Include="15\15.txt" />
  </ItemGroup>
</Project>